
Microsoft Visual Studio Solution File, Format Version 12.00
# Visual Studio Version 17
VisualStudioVersion = 17.7.34031.279
MinimumVisualStudioVersion = 10.0.40219.1
Project("{FAE04EC0-301F-11D3-BF4B-00C04F79EFBC}") = "ArchSmarter_Addin_Template_v23", "ArchSmarter_Addin_Template_v23\ArchSmarter_Addin_Template_v23.csproj", "{42A88144-FCFF-42CD-9A53-E65EC7D43CB2}"
EndProject
Global
	GlobalSection(SolutionConfigurationPlatforms) = preSolution
		2021Debug|Any CPU = 2021Debug|Any CPU
		2021Release|Any CPU = 2021Release|Any CPU
		2022Debug|Any CPU = 2022Debug|Any CPU
		2022Release|Any CPU = 2022Release|Any CPU
		2023Debug|Any CPU = 2023Debug|Any CPU
		2023Release|Any CPU = 2023Release|Any CPU
		2024Debug|Any CPU = 2024Debug|Any CPU
		2024Release|Any CPU = 2024Release|Any CPU
	EndGlobalSection
	GlobalSection(ProjectConfigurationPlatforms) = postSolution
		{42A88144-FCFF-42CD-9A53-E65EC7D43CB2}.2021Debug|Any CPU.ActiveCfg = 2021Debug|Any CPU
		{42A88144-FCFF-42CD-9A53-E65EC7D43CB2}.2021Debug|Any CPU.Build.0 = 2021Debug|Any CPU
		{42A88144-FCFF-42CD-9A53-E65EC7D43CB2}.2021Release|Any CPU.ActiveCfg = 2021Release|Any CPU
		{42A88144-FCFF-42CD-9A53-E65EC7D43CB2}.2021Release|Any CPU.Build.0 = 2021Release|Any CPU
		{42A88144-FCFF-42CD-9A53-E65EC7D43CB2}.2022Debug|Any CPU.ActiveCfg = 2022Debug|Any CPU
		{42A88144-FCFF-42CD-9A53-E65EC7D43CB2}.2022Debug|Any CPU.Build.0 = 2022Debug|Any CPU
		{42A88144-FCFF-42CD-9A53-E65EC7D43CB2}.2022Release|Any CPU.ActiveCfg = 2022Release|Any CPU
		{42A88144-FCFF-42CD-9A53-E65EC7D43CB2}.2022Release|Any CPU.Build.0 = 2022Release|Any CPU
		{42A88144-FCFF-42CD-9A53-E65EC7D43CB2}.2023Debug|Any CPU.ActiveCfg = 2023Debug|Any CPU
		{42A88144-FCFF-42CD-9A53-E65EC7D43CB2}.2023Debug|Any CPU.Build.0 = 2023Debug|Any CPU
		{42A88144-FCFF-42CD-9A53-E65EC7D43CB2}.2023Release|Any CPU.ActiveCfg = 2023Release|Any CPU
		{42A88144-FCFF-42CD-9A53-E65EC7D43CB2}.2023Release|Any CPU.Build.0 = 2023Release|Any CPU
		{42A88144-FCFF-42CD-9A53-E65EC7D43CB2}.2024Debug|Any CPU.ActiveCfg = 2024Debug|Any CPU
		{42A88144-FCFF-42CD-9A53-E65EC7D43CB2}.2024Debug|Any CPU.Build.0 = 2024Debug|Any CPU
		{42A88144-FCFF-42CD-9A53-E65EC7D43CB2}.2024Release|Any CPU.ActiveCfg = 2024Release|Any CPU
		{42A88144-FCFF-42CD-9A53-E65EC7D43CB2}.2024Release|Any CPU.Build.0 = 2024Release|Any CPU
	EndGlobalSection
	GlobalSection(SolutionProperties) = preSolution
		HideSolutionNode = FALSE
	EndGlobalSection
	GlobalSection(ExtensibilityGlobals) = postSolution
		SolutionGuid = {1E06B6AE-0EC5-41C7-9A36-7B9CA6070871}
	EndGlobalSection
EndGlobal
